
Microsoft Visual Studio Solution File, Format Version 12.00
# Visual Studio Version 17
VisualStudioVersion = 17.0.31919.166
MinimumVisualStudioVersion = 10.0.40219.1
Project("{FAE04EC0-301F-11D3-BF4B-00C04F79EFBC}") = "cadostro-produto-teste", "cadostro-produto-teste\cadostro-produto-teste.csproj", "{00DBD62F-86E2-4A03-BD19-603AD1561CD3}"
EndProject
Global
	GlobalSection(SolutionConfigurationPlatforms) = preSolution
		Debug|Any CPU = Debug|Any CPU
		Release|Any CPU = Release|Any CPU
	EndGlobalSection
	GlobalSection(ProjectConfigurationPlatforms) = postSolution
		{00DBD62F-86E2-4A03-BD19-603AD1561CD3}.Debug|Any CPU.ActiveCfg = Debug|Any CPU
		{00DBD62F-86E2-4A03-BD19-603AD1561CD3}.Debug|Any CPU.Build.0 = Debug|Any CPU
		{00DBD62F-86E2-4A03-BD19-603AD1561CD3}.Release|Any CPU.ActiveCfg = Release|Any CPU
		{00DBD62F-86E2-4A03-BD19-603AD1561CD3}.Release|Any CPU.Build.0 = Release|Any CPU
	EndGlobalSection
	GlobalSection(SolutionProperties) = preSolution
		HideSolutionNode = FALSE
	EndGlobalSection
	GlobalSection(ExtensibilityGlobals) = postSolution
		SolutionGuid = {DCB1CFE1-38FA-48C1-A26A-6DF11089072E}
	EndGlobalSection
EndGlobal
